<?xml version="1.0" encoding="utf-8"?>
<Project ToolsVersion="4.0" xmlns="http://schemas.microsoft.com/developer/msbuild/2003">
  <ItemGroup>
    <Filter Include="resources">
      <UniqueIdentifier>{1da99eed-771d-4fc3-861f-c0c852dcd406}</UniqueIdentifier>
      <Extensions>rc;ico;cur;bmp;dlg;rc2;rct;bin;rgs;gif;jpg;jpeg;jpe;resx;tiff;tif;png;wav;mfcribbon-ms</Extensions>
    </Filter>
    <Filter Include="toml">
      <UniqueIdentifier>{469356d9-d054-4e64-9197-415aeabb773f}</UniqueIdentifier>
    </Filter>
    <Filter Include="toml\include">
      <UniqueIdentifier>{c0038138-e72a-43cf-981c-25719cd8975d}</UniqueIdentifier>
      <Extensions>h;hh;hpp;hxx;hm;inl;inc;ipp;xsd</Extensions>
    </Filter>
    <Filter Include="toml\src">
      <UniqueIdentifier>{786793f1-031a-4c28-a42c-7e79c07361cc}</UniqueIdentifier>
      <Extensions>cpp;c;cc;cxx;def;odl;idl;hpj;bat;asm;asmx</Extensions>
    </Filter>
    <Filter Include="sdk">
      <UniqueIdentifier>{452ef588-1e25-4bfc-b323-d02f89763bf9}</UniqueIdentifier>
    </Filter>
    <Filter Include="sdk\amxx">
      <UniqueIdentifier>{742281b1-cda5-4b3b-9d09-b7ae7183cdaf}</UniqueIdentifier>
    </Filter>
    <Filter Include="sdk\amxx\include">
      <UniqueIdentifier>{579e7bcc-808f-4cf4-84e2-800b57f4776e}</UniqueIdentifier>
    </Filter>
    <Filter Include="sdk\amxx\src">
      <UniqueIdentifier>{daae3c23-09d9-4055-baa3-8f5d27e5296e}</UniqueIdentifier>
    </Filter>
    <Filter Include="sdk\cssdk">
      <UniqueIdentifier>{bfb514aa-ef74-44f0-91be-36d80f6e416b}</UniqueIdentifier>
    </Filter>
    <Filter Include="sdk\cssdk\include">
      <UniqueIdentifier>{e9939acb-bc92-45b8-87aa-dc05f3467dfb}</UniqueIdentifier>
    </Filter>
    <Filter Include="sdk\cssdk\include\common">
      <UniqueIdentifier>{c7b69250-ebb8-453f-b67a-a927c1a34fcb}</UniqueIdentifier>
    </Filter>
    <Filter Include="sdk\cssdk\include\dll">
      <UniqueIdentifier>{fb50cca1-fadf-4b3b-a0d3-fe7ec9087800}</UniqueIdentifier>
    </Filter>
    <Filter Include="sdk\cssdk\include\engine">
      <UniqueIdentifier>{4d5460e7-a217-4030-8eb1-ab53ef5ee627}</UniqueIdentifier>
    </Filter>
    <Filter Include="sdk\cssdk\include\game_shared">
      <UniqueIdentifier>{4bafb049-c60f-4a16-9cb7-2d1014b2aed7}</UniqueIdentifier>
    </Filter>
    <Filter Include="sdk\cssdk\include\pm_shared">
      <UniqueIdentifier>{84d44d90-6582-4f9d-9a27-38cac3289001}</UniqueIdentifier>
    </Filter>
    <Filter Include="sdk\cssdk\include\public">
      <UniqueIdentifier>{7ce85dc4-1f61-4ab2-a9a8-5f33fd270759}</UniqueIdentifier>
    </Filter>
    <Filter Include="sdk\cssdk\include\dll\api">
      <UniqueIdentifier>{2fd813e3-3709-4f4b-986c-8844b726f083}</UniqueIdentifier>
    </Filter>
    <Filter Include="sdk\metamod">
      <UniqueIdentifier>{a0495c19-806e-45d8-a577-829d362774f5}</UniqueIdentifier>
    </Filter>
    <Filter Include="sdk\metamod\include">
      <UniqueIdentifier>{c9054a27-f9a9-4c79-8551-8d603affe2af}</UniqueIdentifier>
    </Filter>
    <Filter Include="sdk\metamod\src">
      <UniqueIdentifier>{bcb63b9c-77cc-445e-a801-182fb7fefec2}</UniqueIdentifier>
    </Filter>
    <Filter Include="deps">
      <UniqueIdentifier>{ab4fc060-caea-4ffa-968a-533ff51c02dc}</UniqueIdentifier>
    </Filter>
    <Filter Include="deps\toml11">
      <UniqueIdentifier>{6cd9b252-f444-4a89-8e07-0a9015604c5b}</UniqueIdentifier>
    </Filter>
    <Filter Include="deps\toml11\include">
      <UniqueIdentifier>{10cbb405-9d7a-4c74-a527-c294967243f9}</UniqueIdentifier>
    </Filter>
    <Filter Include="toml\include\commands">
      <UniqueIdentifier>{4c919522-003d-48dd-9074-f86cd51ff450}</UniqueIdentifier>
    </Filter>
    <Filter Include="toml\src\commands">
      <UniqueIdentifier>{679e236c-5e24-4ea7-b6cc-b75711499616}</UniqueIdentifier>
    </Filter>
    <Filter Include="third_party">
      <UniqueIdentifier>{adcc17f5-ac1c-45ec-8b1f-5ba8d3799fa1}</UniqueIdentifier>
    </Filter>
    <Filter Include="third_party\scripting">
      <UniqueIdentifier>{1f606042-f0d8-4eb8-80c0-cc1c9321ea49}</UniqueIdentifier>
    </Filter>
  </ItemGroup>
  <ItemGroup>
    <ClInclude Include="resource.h">
      <Filter>resources</Filter>
    </ClInclude>
    <ClInclude Include="..\sdk\amxx\include\amxx\amx.h">
      <Filter>sdk\amxx\include</Filter>
    </ClInclude>
    <ClInclude Include="..\sdk\amxx\include\amxx\api.h">
      <Filter>sdk\amxx\include</Filter>
    </ClInclude>
    <ClInclude Include="..\sdk\amxx\include\amxx\game_configs.h">
      <Filter>sdk\amxx\include</Filter>
    </ClInclude>
    <ClInclude Include="..\sdk\amxx\include\amxx\string.h">
      <Filter>sdk\amxx\include</Filter>
    </ClInclude>
    <ClInclude Include="..\sdk\amxx\include\amxx\amxx_config.h">
      <Filter>toml</Filter>
    </ClInclude>
    <ClInclude Include="..\sdk\cssdk\include\cssdk\common\bsp.h">
      <Filter>sdk\cssdk\include\common</Filter>
    </ClInclude>
    <ClInclude Include="..\sdk\cssdk\include\cssdk\common\cl_entity.h">
      <Filter>sdk\cssdk\include\common</Filter>
    </ClInclude>
    <ClInclude Include="..\sdk\cssdk\include\cssdk\common\consts.h">
      <Filter>sdk\cssdk\include\common</Filter>
    </ClInclude>
    <ClInclude Include="..\sdk\cssdk\include\cssdk\common\cvar.h">
      <Filter>sdk\cssdk\include\common</Filter>
    </ClInclude>
    <ClInclude Include="..\sdk\cssdk\include\cssdk\common\entity_state.h">
      <Filter>sdk\cssdk\include\common</Filter>
    </ClInclude>
    <ClInclude Include="..\sdk\cssdk\include\cssdk\common\event_args.h">
      <Filter>sdk\cssdk\include\common</Filter>
    </ClInclude>
    <ClInclude Include="..\sdk\cssdk\include\cssdk\common\hook_chains.h">
      <Filter>sdk\cssdk\include\common</Filter>
    </ClInclude>
    <ClInclude Include="..\sdk\cssdk\include\cssdk\common\hook_chain_priority.h">
      <Filter>sdk\cssdk\include\common</Filter>
    </ClInclude>
    <ClInclude Include="..\sdk\cssdk\include\cssdk\common\model.h">
      <Filter>sdk\cssdk\include\common</Filter>
    </ClInclude>
    <ClInclude Include="..\sdk\cssdk\include\cssdk\common\net_address.h">
      <Filter>sdk\cssdk\include\common</Filter>
    </ClInclude>
    <ClInclude Include="..\sdk\cssdk\include\cssdk\common\pm_trace.h">
      <Filter>sdk\cssdk\include\common</Filter>
    </ClInclude>
    <ClInclude Include="..\sdk\cssdk\include\cssdk\common\sequence.h">
      <Filter>sdk\cssdk\include\common</Filter>
    </ClInclude>
    <ClInclude Include="..\sdk\cssdk\include\cssdk\common\trace.h">
      <Filter>sdk\cssdk\include\common</Filter>
    </ClInclude>
    <ClInclude Include="..\sdk\cssdk\include\cssdk\common\user_cmd.h">
      <Filter>sdk\cssdk\include\common</Filter>
    </ClInclude>
    <ClInclude Include="..\sdk\cssdk\include\cssdk\common\weapon_data.h">
      <Filter>sdk\cssdk\include\common</Filter>
    </ClInclude>
    <ClInclude Include="..\sdk\cssdk\include\cssdk\dll\activity.h">
      <Filter>sdk\cssdk\include\dll</Filter>
    </ClInclude>
    <ClInclude Include="..\sdk\cssdk\include\cssdk\dll\ammo.h">
      <Filter>sdk\cssdk\include\dll</Filter>
    </ClInclude>
    <ClInclude Include="..\sdk\cssdk\include\cssdk\dll\cdll_dll.h">
      <Filter>sdk\cssdk\include\dll</Filter>
    </ClInclude>
    <ClInclude Include="..\sdk\cssdk\include\cssdk\dll\decals.h">
      <Filter>sdk\cssdk\include\dll</Filter>
    </ClInclude>
    <ClInclude Include="..\sdk\cssdk\include\cssdk\dll\entity_base.h">
      <Filter>sdk\cssdk\include\dll</Filter>
    </ClInclude>
    <ClInclude Include="..\sdk\cssdk\include\cssdk\dll\ext_defs.h">
      <Filter>sdk\cssdk\include\dll</Filter>
    </ClInclude>
    <ClInclude Include="..\sdk\cssdk\include\cssdk\dll\game_rules.h">
      <Filter>sdk\cssdk\include\dll</Filter>
    </ClInclude>
    <ClInclude Include="..\sdk\cssdk\include\cssdk\dll\gib.h">
      <Filter>sdk\cssdk\include\dll</Filter>
    </ClInclude>
    <ClInclude Include="..\sdk\cssdk\include\cssdk\dll\hint_message.h">
      <Filter>sdk\cssdk\include\dll</Filter>
    </ClInclude>
    <ClInclude Include="..\sdk\cssdk\include\cssdk\dll\items.h">
      <Filter>sdk\cssdk\include\dll</Filter>
    </ClInclude>
    <ClInclude Include="..\sdk\cssdk\include\cssdk\dll\monsters.h">
      <Filter>sdk\cssdk\include\dll</Filter>
    </ClInclude>
    <ClInclude Include="..\sdk\cssdk\include\cssdk\dll\monster_base.h">
      <Filter>sdk\cssdk\include\dll</Filter>
    </ClInclude>
    <ClInclude Include="..\sdk\cssdk\include\cssdk\dll\monster_event.h">
      <Filter>sdk\cssdk\include\dll</Filter>
    </ClInclude>
    <ClInclude Include="..\sdk\cssdk\include\cssdk\dll\observer.h">
      <Filter>sdk\cssdk\include\dll</Filter>
    </ClInclude>
    <ClInclude Include="..\sdk\cssdk\include\cssdk\dll\player.h">
      <Filter>sdk\cssdk\include\dll</Filter>
    </ClInclude>
    <ClInclude Include="..\sdk\cssdk\include\cssdk\dll\player_consts.h">
      <Filter>sdk\cssdk\include\dll</Filter>
    </ClInclude>
    <ClInclude Include="..\sdk\cssdk\include\cssdk\dll\regamedll_api.h">
      <Filter>sdk\cssdk\include\dll</Filter>
    </ClInclude>
    <ClInclude Include="..\sdk\cssdk\include\cssdk\dll\regamedll_consts.h">
      <Filter>sdk\cssdk\include\dll</Filter>
    </ClInclude>
    <ClInclude Include="..\sdk\cssdk\include\cssdk\dll\save_restore.h">
      <Filter>sdk\cssdk\include\dll</Filter>
    </ClInclude>
    <ClInclude Include="..\sdk\cssdk\include\cssdk\dll\unified_signals.h">
      <Filter>sdk\cssdk\include\dll</Filter>
    </ClInclude>
    <ClInclude Include="..\sdk\cssdk\include\cssdk\dll\weapons.h">
      <Filter>sdk\cssdk\include\dll</Filter>
    </ClInclude>
    <ClInclude Include="..\sdk\cssdk\include\cssdk\dll\weapon_type.h">
      <Filter>sdk\cssdk\include\dll</Filter>
    </ClInclude>
    <ClInclude Include="..\sdk\cssdk\include\cssdk\engine\cmd_rehlds.h">
      <Filter>sdk\cssdk\include\engine</Filter>
    </ClInclude>
    <ClInclude Include="..\sdk\cssdk\include\cssdk\engine\common_rehlds.h">
      <Filter>sdk\cssdk\include\engine</Filter>
    </ClInclude>
    <ClInclude Include="..\sdk\cssdk\include\cssdk\engine\consistency.h">
      <Filter>sdk\cssdk\include\engine</Filter>
    </ClInclude>
    <ClInclude Include="..\sdk\cssdk\include\cssdk\engine\custom.h">
      <Filter>sdk\cssdk\include\engine</Filter>
    </ClInclude>
    <ClInclude Include="..\sdk\cssdk\include\cssdk\engine\delta_packet.h">
      <Filter>sdk\cssdk\include\engine</Filter>
    </ClInclude>
    <ClInclude Include="..\sdk\cssdk\include\cssdk\engine\edict.h">
      <Filter>sdk\cssdk\include\engine</Filter>
    </ClInclude>
    <ClInclude Include="..\sdk\cssdk\include\cssdk\engine\eiface.h">
      <Filter>sdk\cssdk\include\engine</Filter>
    </ClInclude>
    <ClInclude Include="..\sdk\cssdk\include\cssdk\engine\entity_vars.h">
      <Filter>sdk\cssdk\include\engine</Filter>
    </ClInclude>
    <ClInclude Include="..\sdk\cssdk\include\cssdk\engine\flight_recorder.h">
      <Filter>sdk\cssdk\include\engine</Filter>
    </ClInclude>
    <ClInclude Include="..\sdk\cssdk\include\cssdk\engine\global_vars.h">
      <Filter>sdk\cssdk\include\engine</Filter>
    </ClInclude>
    <ClInclude Include="..\sdk\cssdk\include\cssdk\engine\pr_dlls.h">
      <Filter>sdk\cssdk\include\engine</Filter>
    </ClInclude>
    <ClInclude Include="..\sdk\cssdk\include\cssdk\engine\rehlds_api.h">
      <Filter>sdk\cssdk\include\engine</Filter>
    </ClInclude>
    <ClInclude Include="..\sdk\cssdk\include\cssdk\engine\rehlds_interfaces.h">
      <Filter>sdk\cssdk\include\engine</Filter>
    </ClInclude>
    <ClInclude Include="..\sdk\cssdk\include\cssdk\engine\server.h">
      <Filter>sdk\cssdk\include\engine</Filter>
    </ClInclude>
    <ClInclude Include="..\sdk\cssdk\include\cssdk\engine\userid_rehlds.h">
      <Filter>sdk\cssdk\include\engine</Filter>
    </ClInclude>
    <ClInclude Include="..\sdk\cssdk\include\cssdk\game_shared\voice_manager.h">
      <Filter>sdk\cssdk\include\game_shared</Filter>
    </ClInclude>
    <ClInclude Include="..\sdk\cssdk\include\cssdk\pm_shared\pm_defs.h">
      <Filter>sdk\cssdk\include\pm_shared</Filter>
    </ClInclude>
    <ClInclude Include="..\sdk\cssdk\include\cssdk\pm_shared\pm_info.h">
      <Filter>sdk\cssdk\include\pm_shared</Filter>
    </ClInclude>
    <ClInclude Include="..\sdk\cssdk\include\cssdk\pm_shared\pm_materials.h">
      <Filter>sdk\cssdk\include\pm_shared</Filter>
    </ClInclude>
    <ClInclude Include="..\sdk\cssdk\include\cssdk\pm_shared\pm_move_vars.h">
      <Filter>sdk\cssdk\include\pm_shared</Filter>
    </ClInclude>
    <ClInclude Include="..\sdk\cssdk\include\cssdk\pm_shared\pm_shared.h">
      <Filter>sdk\cssdk\include\pm_shared</Filter>
    </ClInclude>
    <ClInclude Include="..\sdk\cssdk\include\cssdk\public\arch_types.h">
      <Filter>sdk\cssdk\include\public</Filter>
    </ClInclude>
    <ClInclude Include="..\sdk\cssdk\include\cssdk\public\base_types.h">
      <Filter>sdk\cssdk\include\public</Filter>
    </ClInclude>
    <ClInclude Include="..\sdk\cssdk\include\cssdk\public\interface.h">
      <Filter>sdk\cssdk\include\public</Filter>
    </ClInclude>
    <ClInclude Include="..\sdk\cssdk\include\cssdk\public\os_config.h">
      <Filter>sdk\cssdk\include\public</Filter>
    </ClInclude>
    <ClInclude Include="..\sdk\cssdk\include\cssdk\public\strind.h">
      <Filter>sdk\cssdk\include\public</Filter>
    </ClInclude>
    <ClInclude Include="..\sdk\cssdk\include\cssdk\public\utils.h">
      <Filter>sdk\cssdk\include\public</Filter>
    </ClInclude>
    <ClInclude Include="..\sdk\cssdk\include\cssdk\public\vector.h">
      <Filter>sdk\cssdk\include\public</Filter>
    </ClInclude>
    <ClInclude Include="..\sdk\cssdk\include\cssdk\dll\api\cs_entity.h">
      <Filter>sdk\cssdk\include\dll\api</Filter>
    </ClInclude>
    <ClInclude Include="..\sdk\cssdk\include\cssdk\dll\api\cs_player.h">
      <Filter>sdk\cssdk\include\dll\api</Filter>
    </ClInclude>
    <ClInclude Include="..\sdk\cssdk\include\cssdk\dll\api\cs_player_item.h">
      <Filter>sdk\cssdk\include\dll\api</Filter>
    </ClInclude>
    <ClInclude Include="..\sdk\cssdk\include\cssdk\dll\api\cs_player_weapon.h">
      <Filter>sdk\cssdk\include\dll\api</Filter>
    </ClInclude>
    <ClInclude Include="..\sdk\metamod\include\metamod\api.h">
      <Filter>sdk\metamod\include</Filter>
    </ClInclude>
    <ClInclude Include="..\sdk\metamod\include\metamod\engine.h">
      <Filter>sdk\metamod\include</Filter>
    </ClInclude>
    <ClInclude Include="..\sdk\metamod\include\metamod\engine_hooks.h">
      <Filter>sdk\metamod\include</Filter>
    </ClInclude>
    <ClInclude Include="..\sdk\metamod\include\metamod\gamedll.h">
      <Filter>sdk\metamod\include</Filter>
    </ClInclude>
    <ClInclude Include="..\sdk\metamod\include\metamod\gamedll_hooks.h">
      <Filter>sdk\metamod\include</Filter>
    </ClInclude>
    <ClInclude Include="..\sdk\metamod\include\metamod\os_dep.h">
      <Filter>sdk\metamod\include</Filter>
    </ClInclude>
    <ClInclude Include="..\sdk\metamod\include\metamod\plugin_info.h">
      <Filter>sdk\metamod\include</Filter>
    </ClInclude>
    <ClInclude Include="..\sdk\metamod\include\metamod\utils.h">
      <Filter>sdk\metamod\include</Filter>
    </ClInclude>
    <ClInclude Include="..\sdk\metamod\include\metamod\metamod_config.h">
      <Filter>toml</Filter>
    </ClInclude>
    <ClInclude Include="..\deps\toml11\include\toml11\toml.hpp">
      <Filter>deps\toml11\include</Filter>
    </ClInclude>
    <ClInclude Include="..\toml\include\toml\consts.h">
      <Filter>toml\include</Filter>
    </ClInclude>
    <ClInclude Include="..\toml\include\toml\cvars.h">
      <Filter>toml\include</Filter>
    </ClInclude>
    <ClInclude Include="..\toml\include\toml\datetime.h">
      <Filter>toml\include</Filter>
    </ClInclude>
    <ClInclude Include="..\toml\include\toml\holder.h">
      <Filter>toml\include</Filter>
    </ClInclude>
    <ClInclude Include="..\toml\include\toml\logger.h">
      <Filter>toml\include</Filter>
    </ClInclude>
    <ClInclude Include="..\toml\include\toml\storage.h">
      <Filter>toml\include</Filter>
    </ClInclude>
    <ClInclude Include="..\toml\include\toml\type.h">
      <Filter>toml\include</Filter>
    </ClInclude>
    <ClInclude Include="..\toml\include\toml\commands\clear.h">
      <Filter>toml\include\commands</Filter>
    </ClInclude>
    <ClInclude Include="..\toml\include\toml\commands\close.h">
      <Filter>toml\include\commands</Filter>
    </ClInclude>
    <ClInclude Include="..\toml\include\toml\commands\command.h">
      <Filter>toml\include\commands</Filter>
    </ClInclude>
    <ClInclude Include="..\toml\include\toml\commands\contains.h">
      <Filter>toml\include\commands</Filter>
    </ClInclude>
    <ClInclude Include="..\toml\include\toml\commands\get_array.h">
      <Filter>toml\include\commands</Filter>
    </ClInclude>
    <ClInclude Include="..\toml\include\toml\commands\get_boolean.h">
      <Filter>toml\include\commands</Filter>
    </ClInclude>
    <ClInclude Include="..\toml\include\toml\commands\get_count.h">
      <Filter>toml\include\commands</Filter>
    </ClInclude>
    <ClInclude Include="..\toml\include\toml\commands\get_datetime.h">
      <Filter>toml\include\commands</Filter>
    </ClInclude>
    <ClInclude Include="..\toml\include\toml\commands\get_floating.h">
      <Filter>toml\include\commands</Filter>
    </ClInclude>
    <ClInclude Include="..\toml\include\toml\commands\get_integer.h">
      <Filter>toml\include\commands</Filter>
    </ClInclude>
    <ClInclude Include="..\toml\include\toml\commands\get_string.h">
      <Filter>toml\include\commands</Filter>
    </ClInclude>
    <ClInclude Include="..\toml\include\toml\commands\get_table.h">
      <Filter>toml\include\commands</Filter>
    </ClInclude>
    <ClInclude Include="..\toml\include\toml\commands\get_type.h">
      <Filter>toml\include\commands</Filter>
    </ClInclude>
    <ClInclude Include="..\toml\include\toml\commands\init_array.h">
      <Filter>toml\include\commands</Filter>
    </ClInclude>
    <ClInclude Include="..\toml\include\toml\commands\init_boolean.h">
      <Filter>toml\include\commands</Filter>
    </ClInclude>
    <ClInclude Include="..\toml\include\toml\commands\init_datetime.h">
      <Filter>toml\include\commands</Filter>
    </ClInclude>
    <ClInclude Include="..\toml\include\toml\commands\init_floating.h">
      <Filter>toml\include\commands</Filter>
    </ClInclude>
    <ClInclude Include="..\toml\include\toml\commands\init_integer.h">
      <Filter>toml\include\commands</Filter>
    </ClInclude>
    <ClInclude Include="..\toml\include\toml\commands\init_root.h">
      <Filter>toml\include\commands</Filter>
    </ClInclude>
    <ClInclude Include="..\toml\include\toml\commands\init_string.h">
      <Filter>toml\include\commands</Filter>
    </ClInclude>
    <ClInclude Include="..\toml\include\toml\commands\init_table.h">
      <Filter>toml\include\commands</Filter>
    </ClInclude>
    <ClInclude Include="..\toml\include\toml\commands\is_valid.h">
      <Filter>toml\include\commands</Filter>
    </ClInclude>
    <ClInclude Include="..\toml\include\toml\commands\open.h">
      <Filter>toml\include\commands</Filter>
    </ClInclude>
    <ClInclude Include="..\toml\include\toml\commands\remove.h">
      <Filter>toml\include\commands</Filter>
    </ClInclude>
    <ClInclude Include="..\toml\include\toml\commands\save.h">
      <Filter>toml\include\commands</Filter>
    </ClInclude>
    <ClInclude Include="..\toml\include\toml\commands\set_array.h">
      <Filter>toml\include\commands</Filter>
    </ClInclude>
    <ClInclude Include="..\toml\include\toml\commands\set_boolean.h">
      <Filter>toml\include\commands</Filter>
    </ClInclude>
    <ClInclude Include="..\toml\include\toml\commands\set_datetime.h">
      <Filter>toml\include\commands</Filter>
    </ClInclude>
    <ClInclude Include="..\toml\include\toml\commands\set_floating.h">
      <Filter>toml\include\commands</Filter>
    </ClInclude>
    <ClInclude Include="..\toml\include\toml\commands\set_integer.h">
      <Filter>toml\include\commands</Filter>
    </ClInclude>
    <ClInclude Include="..\toml\include\toml\commands\set_string.h">
      <Filter>toml\include\commands</Filter>
    </ClInclude>
    <ClInclude Include="..\toml\include\toml\commands\set_table.h">
      <Filter>toml\include\commands</Filter>
    </ClInclude>
    <ClInclude Include="..\toml\include\toml\pch.h" />
  </ItemGroup>
  <ItemGroup>
    <ResourceCompile Include="resources.rc">
      <Filter>resources</Filter>
    </ResourceCompile>
  </ItemGroup>
  <ItemGroup>
    <ClCompile Include="..\toml\src\main.cpp">
      <Filter>toml\src</Filter>
    </ClCompile>
    <ClCompile Include="..\sdk\amxx\src\api.cpp">
      <Filter>sdk\amxx\src</Filter>
    </ClCompile>
    <ClCompile Include="..\sdk\amxx\src\string.cpp">
      <Filter>sdk\amxx\src</Filter>
    </ClCompile>
    <ClCompile Include="..\sdk\metamod\src\api.cpp">
      <Filter>sdk\metamod\src</Filter>
    </ClCompile>
    <ClCompile Include="..\sdk\metamod\src\engine.cpp">
      <Filter>sdk\metamod\src</Filter>
    </ClCompile>
    <ClCompile Include="..\sdk\metamod\src\engine_hooks.cpp">
      <Filter>sdk\metamod\src</Filter>
    </ClCompile>
    <ClCompile Include="..\sdk\metamod\src\export.cpp">
      <Filter>sdk\metamod\src</Filter>
    </ClCompile>
    <ClCompile Include="..\sdk\metamod\src\gamedll_hooks.cpp">
      <Filter>sdk\metamod\src</Filter>
    </ClCompile>
    <ClCompile Include="..\sdk\metamod\src\utils.cpp">
      <Filter>sdk\metamod\src</Filter>
    </ClCompile>
    <ClCompile Include="..\toml\src\cvars.cpp">
      <Filter>toml\src</Filter>
    </ClCompile>
    <ClCompile Include="..\toml\src\holder.cpp">
      <Filter>toml\src</Filter>
    </ClCompile>
    <ClCompile Include="..\toml\src\natives.cpp">
      <Filter>toml\src</Filter>
    </ClCompile>
    <ClCompile Include="..\toml\src\storage.cpp">
      <Filter>toml\src</Filter>
    </ClCompile>
    <ClCompile Include="..\toml\src\commands\clear.cpp">
      <Filter>toml\src\commands</Filter>
    </ClCompile>
    <ClCompile Include="..\toml\src\commands\close.cpp">
      <Filter>toml\src\commands</Filter>
    </ClCompile>
    <ClCompile Include="..\toml\src\commands\command.cpp">
      <Filter>toml\src\commands</Filter>
    </ClCompile>
    <ClCompile Include="..\toml\src\commands\contains.cpp">
      <Filter>toml\src\commands</Filter>
    </ClCompile>
    <ClCompile Include="..\toml\src\commands\get_array.cpp">
      <Filter>toml\src\commands</Filter>
    </ClCompile>
    <ClCompile Include="..\toml\src\commands\get_boolean.cpp">
      <Filter>toml\src\commands</Filter>
    </ClCompile>
    <ClCompile Include="..\toml\src\commands\get_count.cpp">
      <Filter>toml\src\commands</Filter>
    </ClCompile>
    <ClCompile Include="..\toml\src\commands\get_datetime.cpp">
      <Filter>toml\src\commands</Filter>
    </ClCompile>
    <ClCompile Include="..\toml\src\commands\get_floating.cpp">
      <Filter>toml\src\commands</Filter>
    </ClCompile>
    <ClCompile Include="..\toml\src\commands\get_integer.cpp">
      <Filter>toml\src\commands</Filter>
    </ClCompile>
    <ClCompile Include="..\toml\src\commands\get_string.cpp">
      <Filter>toml\src\commands</Filter>
    </ClCompile>
    <ClCompile Include="..\toml\src\commands\get_table.cpp">
      <Filter>toml\src\commands</Filter>
    </ClCompile>
    <ClCompile Include="..\toml\src\commands\get_type.cpp">
      <Filter>toml\src\commands</Filter>
    </ClCompile>
    <ClCompile Include="..\toml\src\commands\init_array.cpp">
      <Filter>toml\src\commands</Filter>
    </ClCompile>
    <ClCompile Include="..\toml\src\commands\init_boolean.cpp">
      <Filter>toml\src\commands</Filter>
    </ClCompile>
    <ClCompile Include="..\toml\src\commands\init_datetime.cpp">
      <Filter>toml\src\commands</Filter>
    </ClCompile>
    <ClCompile Include="..\toml\src\commands\init_floating.cpp">
      <Filter>toml\src\commands</Filter>
    </ClCompile>
    <ClCompile Include="..\toml\src\commands\init_integer.cpp">
      <Filter>toml\src\commands</Filter>
    </ClCompile>
    <ClCompile Include="..\toml\src\commands\init_root.cpp">
      <Filter>toml\src\commands</Filter>
    </ClCompile>
    <ClCompile Include="..\toml\src\commands\init_string.cpp">
      <Filter>toml\src\commands</Filter>
    </ClCompile>
    <ClCompile Include="..\toml\src\commands\init_table.cpp">
      <Filter>toml\src\commands</Filter>
    </ClCompile>
    <ClCompile Include="..\toml\src\commands\is_valid.cpp">
      <Filter>toml\src\commands</Filter>
    </ClCompile>
    <ClCompile Include="..\toml\src\commands\open.cpp">
      <Filter>toml\src\commands</Filter>
    </ClCompile>
    <ClCompile Include="..\toml\src\commands\remove.cpp">
      <Filter>toml\src\commands</Filter>
    </ClCompile>
    <ClCompile Include="..\toml\src\commands\save.cpp">
      <Filter>toml\src\commands</Filter>
    </ClCompile>
    <ClCompile Include="..\toml\src\commands\set_array.cpp">
      <Filter>toml\src\commands</Filter>
    </ClCompile>
    <ClCompile Include="..\toml\src\commands\set_boolean.cpp">
      <Filter>toml\src\commands</Filter>
    </ClCompile>
    <ClCompile Include="..\toml\src\commands\set_datetime.cpp">
      <Filter>toml\src\commands</Filter>
    </ClCompile>
    <ClCompile Include="..\toml\src\commands\set_floating.cpp">
      <Filter>toml\src\commands</Filter>
    </ClCompile>
    <ClCompile Include="..\toml\src\commands\set_integer.cpp">
      <Filter>toml\src\commands</Filter>
    </ClCompile>
    <ClCompile Include="..\toml\src\commands\set_string.cpp">
      <Filter>toml\src\commands</Filter>
    </ClCompile>
    <ClCompile Include="..\toml\src\commands\set_table.cpp">
      <Filter>toml\src\commands</Filter>
    </ClCompile>
    <ClCompile Include="..\toml\src\pch.cpp" />
  </ItemGroup>
  <ItemGroup>
    <Text Include="..\CMakeLists.txt" />
  </ItemGroup>
  <ItemGroup>
    <None Include="toml_amxx.def">
      <Filter>sdk\metamod</Filter>
    </None>
    <None Include="..\third_party\scripting\include\toml.inc">
      <Filter>third_party\scripting</Filter>
    </None>
  </ItemGroup>
</Project>